
Microsoft Visual Studio Solution File, Format Version 12.00
# Visual Studio Version 16
VisualStudioVersion = 16.0.32228.343
MinimumVisualStudioVersion = 10.0.40219.1
Project("{8BC9CEB8-8B4A-11D0-8D11-00A0C91BC942}") = "MemoryLoadDllSample", "MemoryLoadDllSample\MemoryLoadDllSample.vcxproj", "{B38DFFA6-458A-4E25-A334-C5CFFFD097AE}"
EndProject
Project("{8BC9CEB8-8B4A-11D0-8D11-00A0C91BC942}") = "TestDll", "TestDll\TestDll.vcxproj", "{AF8990A9-83B7-48CB-B39A-C60881508E83}"
EndProject
Global
	GlobalSection(SolutionConfigurationPlatforms) = preSolution
		Debug|x64 = Debug|x64
		Debug|x86 = Debug|x86
		Release|x64 = Release|x64
		Release|x86 = Release|x86
	EndGlobalSection
	GlobalSection(ProjectConfigurationPlatforms) = postSolution
		{B38DFFA6-458A-4E25-A334-C5CFFFD097AE}.Debug|x64.ActiveCfg = Debug|x64
		{B38DFFA6-458A-4E25-A334-C5CFFFD097AE}.Debug|x64.Build.0 = Debug|x64
		{B38DFFA6-458A-4E25-A334-C5CFFFD097AE}.Debug|x86.ActiveCfg = Debug|Win32
		{B38DFFA6-458A-4E25-A334-C5CFFFD097AE}.Debug|x86.Build.0 = Debug|Win32
		{B38DFFA6-458A-4E25-A334-C5CFFFD097AE}.Release|x64.ActiveCfg = Release|x64
		{B38DFFA6-458A-4E25-A334-C5CFFFD097AE}.Release|x64.Build.0 = Release|x64
		{B38DFFA6-458A-4E25-A334-C5CFFFD097AE}.Release|x86.ActiveCfg = Release|Win32
		{B38DFFA6-458A-4E25-A334-C5CFFFD097AE}.Release|x86.Build.0 = Release|Win32
		{AF8990A9-83B7-48CB-B39A-C60881508E83}.Debug|x64.ActiveCfg = Debug|x64
		{AF8990A9-83B7-48CB-B39A-C60881508E83}.Debug|x64.Build.0 = Debug|x64
		{AF8990A9-83B7-48CB-B39A-C60881508E83}.Debug|x86.ActiveCfg = Debug|Win32
		{AF8990A9-83B7-48CB-B39A-C60881508E83}.Debug|x86.Build.0 = Debug|Win32
		{AF8990A9-83B7-48CB-B39A-C60881508E83}.Release|x64.ActiveCfg = Release|x64
		{AF8990A9-83B7-48CB-B39A-C60881508E83}.Release|x64.Build.0 = Release|x64
		{AF8990A9-83B7-48CB-B39A-C60881508E83}.Release|x86.ActiveCfg = Release|Win32
		{AF8990A9-83B7-48CB-B39A-C60881508E83}.Release|x86.Build.0 = Release|Win32
	EndGlobalSection
	GlobalSection(SolutionProperties) = preSolution
		HideSolutionNode = FALSE
	EndGlobalSection
	GlobalSection(ExtensibilityGlobals) = postSolution
		SolutionGuid = {5BF3479A-EB3C-4C69-B76D-7A7E4BC6122D}
	EndGlobalSection
EndGlobal
